
Microsoft Visual Studio Solution File, Format Version 12.00
# Visual Studio Version 17
VisualStudioVersion = 17.7.34031.279
MinimumVisualStudioVersion = 10.0.40219.1
Project("{FAE04EC0-301F-11D3-BF4B-00C04F79EFBC}") = "ThucHanhBuoi4", "ThucHanhBuoi4\ThucHanhBuoi4.csproj", "{C454EBDD-2648-4834-9910-A8BB97124077}"
EndProject
Global
	GlobalSection(SolutionConfigurationPlatforms) = preSolution
		Debug|Any CPU = Debug|Any CPU
		Release|Any CPU = Release|Any CPU
	EndGlobalSection
	GlobalSection(ProjectConfigurationPlatforms) = postSolution
		{C454EBDD-2648-4834-9910-A8BB97124077}.Debug|Any CPU.ActiveCfg = Debug|Any CPU
		{C454EBDD-2648-4834-9910-A8BB97124077}.Debug|Any CPU.Build.0 = Debug|Any CPU
		{C454EBDD-2648-4834-9910-A8BB97124077}.Release|Any CPU.ActiveCfg = Release|Any CPU
		{C454EBDD-2648-4834-9910-A8BB97124077}.Release|Any CPU.Build.0 = Release|Any CPU
	EndGlobalSection
	GlobalSection(SolutionProperties) = preSolution
		HideSolutionNode = FALSE
	EndGlobalSection
	GlobalSection(ExtensibilityGlobals) = postSolution
		SolutionGuid = {C6425E53-7255-4376-8265-96F8BC237EC7}
	EndGlobalSection
EndGlobal
