
Microsoft Visual Studio Solution File, Format Version 12.00
# Visual Studio Version 17
VisualStudioVersion = 17.8.34004.107
MinimumVisualStudioVersion = 10.0.40219.1
Project("{FAE04EC0-301F-11D3-BF4B-00C04F79EFBC}") = "ListViewDemo5-9", "ListViewDemo5-9.csproj", "{393B9758-C923-4037-863A-D646544F872E}"
EndProject
Global
	GlobalSection(SolutionConfigurationPlatforms) = preSolution
		Debug|Any CPU = Debug|Any CPU
		Release|Any CPU = Release|Any CPU
	EndGlobalSection
	GlobalSection(ProjectConfigurationPlatforms) = postSolution
		{393B9758-C923-4037-863A-D646544F872E}.Debug|Any CPU.ActiveCfg = Debug|Any CPU
		{393B9758-C923-4037-863A-D646544F872E}.Debug|Any CPU.Build.0 = Debug|Any CPU
		{393B9758-C923-4037-863A-D646544F872E}.Release|Any CPU.ActiveCfg = Release|Any CPU
		{393B9758-C923-4037-863A-D646544F872E}.Release|Any CPU.Build.0 = Release|Any CPU
	EndGlobalSection
	GlobalSection(SolutionProperties) = preSolution
		HideSolutionNode = FALSE
	EndGlobalSection
	GlobalSection(ExtensibilityGlobals) = postSolution
		SolutionGuid = {45FF4C70-A834-43A4-87EA-D1CF47B43E31}
	EndGlobalSection
EndGlobal
