
Microsoft Visual Studio Solution File, Format Version 12.00
# Visual Studio Version 17
VisualStudioVersion = 17.8.34004.107
MinimumVisualStudioVersion = 10.0.40219.1
Project("{FAE04EC0-301F-11D3-BF4B-00C04F79EFBC}") = "Bai1_26_8", "Bai1_26_8.csproj", "{A36040DF-B6B8-4A82-AF61-2D10A509E822}"
EndProject
Global
	GlobalSection(SolutionConfigurationPlatforms) = preSolution
		Debug|Any CPU = Debug|Any CPU
		Release|Any CPU = Release|Any CPU
	EndGlobalSection
	GlobalSection(ProjectConfigurationPlatforms) = postSolution
		{A36040DF-B6B8-4A82-AF61-2D10A509E822}.Debug|Any CPU.ActiveCfg = Debug|Any CPU
		{A36040DF-B6B8-4A82-AF61-2D10A509E822}.Debug|Any CPU.Build.0 = Debug|Any CPU
		{A36040DF-B6B8-4A82-AF61-2D10A509E822}.Release|Any CPU.ActiveCfg = Release|Any CPU
		{A36040DF-B6B8-4A82-AF61-2D10A509E822}.Release|Any CPU.Build.0 = Release|Any CPU
	EndGlobalSection
	GlobalSection(SolutionProperties) = preSolution
		HideSolutionNode = FALSE
	EndGlobalSection
	GlobalSection(ExtensibilityGlobals) = postSolution
		SolutionGuid = {33E6C321-F284-49A3-83C2-FE10AE495FA1}
	EndGlobalSection
EndGlobal
