
Microsoft Visual Studio Solution File, Format Version 12.00
# Visual Studio Version 17
VisualStudioVersion = 17.8.34004.107
MinimumVisualStudioVersion = 10.0.40219.1
Project("{FAE04EC0-301F-11D3-BF4B-00C04F79EFBC}") = "Demo26_8", "Demo26_8.csproj", "{72DB6C58-9FBE-4568-8CCD-BF5FCB31356B}"
EndProject
Global
	GlobalSection(SolutionConfigurationPlatforms) = preSolution
		Debug|Any CPU = Debug|Any CPU
		Release|Any CPU = Release|Any CPU
	EndGlobalSection
	GlobalSection(ProjectConfigurationPlatforms) = postSolution
		{72DB6C58-9FBE-4568-8CCD-BF5FCB31356B}.Debug|Any CPU.ActiveCfg = Debug|Any CPU
		{72DB6C58-9FBE-4568-8CCD-BF5FCB31356B}.Debug|Any CPU.Build.0 = Debug|Any CPU
		{72DB6C58-9FBE-4568-8CCD-BF5FCB31356B}.Release|Any CPU.ActiveCfg = Release|Any CPU
		{72DB6C58-9FBE-4568-8CCD-BF5FCB31356B}.Release|Any CPU.Build.0 = Release|Any CPU
	EndGlobalSection
	GlobalSection(SolutionProperties) = preSolution
		HideSolutionNode = FALSE
	EndGlobalSection
	GlobalSection(ExtensibilityGlobals) = postSolution
		SolutionGuid = {BC88A057-DDFA-4E0F-BF47-564BEA71E073}
	EndGlobalSection
EndGlobal
